// !$*UTF8*$!
{
	archiveVersion = 1;
	classes = {
	};
	objectVersion = 46;
	objects = {

/* Begin PBXBuildFile section */
		D94D55DC1D38D54600CBC35E /* AppDelegate.swift in Sources */ = {isa = PBXBuildFile; fileRef = D94D55DB1D38D54600CBC35E /* AppDelegate.swift */; };
		D94D55DE1D38D54600CBC35E /* ViewController.swift in Sources */ = {isa = PBXBuildFile; fileRef = D94D55DD1D38D54600CBC35E /* ViewController.swift */; };
		D94D55E11D38D54600CBC35E /* Main.storyboard in Resources */ = {isa = PBXBuildFile; fileRef = D94D55DF1D38D54600CBC35E /* Main.storyboard */; };
		D94D55E31D38D54600CBC35E /* Assets.xcassets in Resources */ = {isa = PBXBuildFile; fileRef = D94D55E21D38D54600CBC35E /* Assets.xcassets */; };
		D94D55E61D38D54600CBC35E /* LaunchScreen.storyboard in Resources */ = {isa = PBXBuildFile; fileRef = D94D55E41D38D54600CBC35E /* LaunchScreen.storyboard */; };
		D94D55F11D38D54600CBC35E /* RingProgressBarTests.swift in Sources */ = {isa = PBXBuildFile; fileRef = D94D55F01D38D54600CBC35E /* RingProgressBarTests.swift */; };
		D94D55FC1D38D54600CBC35E /* RingProgressBarUITests.swift in Sources */ = {isa = PBXBuildFile; fileRef = D94D55FB1D38D54600CBC35E /* RingProgressBarUITests.swift */; };
/* End PBXBuildFile section */

/* Begin PBXContainerItemProxy section */
		D94D55ED1D38D54600CBC35E /* PBXContainerItemProxy */ = {
			isa = PBXContainerItemProxy;
			containerPortal = D94D55D01D38D54600CBC35E /* Project object */;
			proxyType = 1;
			remoteGlobalIDString = D94D55D71D38D54600CBC35E;
			remoteInfo = RingProgressBar;
		};
		D94D55F81D38D54600CBC35E /* PBXContainerItemProxy */ = {
			isa = PBXContainerItemProxy;
			containerPortal = D94D55D01D38D54600CBC35E /* Project object */;
			proxyType = 1;
			remoteGlobalIDString = D94D55D71D38D54600CBC35E;
			remoteInfo = RingProgressBar;
		};
/* End PBXContainerItemProxy section */

/* Begin PBXFileReference section */
		D94D55D81D38D54600CBC35E /* RingProgressBar.app */ = {isa = PBXFileReference; explicitFileType = wrapper.application; includeInIndex = 0; path = RingProgressBar.app; sourceTree = BUILT_PRODUCTS_DIR; };
		D94D55DB1D38D54600CBC35E /* AppDelegate.swift */ = {isa = PBXFileReference; lastKnownFileType = sourcecode.swift; path = AppDelegate.swift; sourceTree = "<group>"; };
		D94D55DD1D38D54600CBC35E /* ViewController.swift */ = {isa = PBXFileReference; lastKnownFileType = sourcecode.swift; path = ViewController.swift; sourceTree = "<group>"; };
		D94D55E01D38D54600CBC35E /* Base */ = {isa = PBXFileReference; lastKnownFileType = file.storyboard; name = Base; path = Base.lproj/Main.storyboard; sourceTree = "<group>"; };
		D94D55E21D38D54600CBC35E /* Assets.xcassets */ = {isa = PBXFileReference; lastKnownFileType = folder.assetcatalog; path = Assets.xcassets; sourceTree = "<group>"; };
		D94D55E51D38D54600CBC35E /* Base */ = {isa = PBXFileReference; lastKnownFileType = file.storyboard; name = Base; path = Base.lproj/LaunchScreen.storyboard; sourceTree = "<group>"; };
		D94D55E71D38D54600CBC35E /* Info.plist */ = {isa = PBXFileReference; lastKnownFileType = text.plist.xml; path = Info.plist; sourceTree = "<group>"; };
		D94D55EC1D38D54600CBC35E /* RingProgressBarTests.xctest */ = {isa = PBXFileReference; explicitFileType = wrapper.cfbundle; includeInIndex = 0; path = RingProgressBarTests.xctest; sourceTree = BUILT_PRODUCTS_DIR; };
		D94D55F01D38D54600CBC35E /* RingProgressBarTests.swift */ = {isa = PBXFileReference; lastKnownFileType = sourcecode.swift; path = RingProgressBarTests.swift; sourceTree = "<group>"; };
		D94D55F21D38D54600CBC35E /* Info.plist */ = {isa = PBXFileReference; lastKnownFileType = text.plist.xml; path = Info.plist; sourceTree = "<group>"; };
		D94D55F71D38D54600CBC35E /* RingProgressBarUITests.xctest */ = {isa = PBXFileReference; explicitFileType = wrapper.cfbundle; includeInIndex = 0; path = RingProgressBarUITests.xctest; sourceTree = BUILT_PRODUCTS_DIR; };
		D94D55FB1D38D54600CBC35E /* RingProgressBarUITests.swift */ = {isa = PBXFileReference; lastKnownFileType = sourcecode.swift; path = RingProgressBarUITests.swift; sourceTree = "<group>"; };
		D94D55FD1D38D54600CBC35E /* Info.plist */ = {isa = PBXFileReference; lastKnownFileType = text.plist.xml; path = Info.plist; sourceTree = "<group>"; };
/* End PBXFileReference section */

/* Begin PBXFrameworksBuildPhase section */
		D94D55D51D38D54600CBC35E /* Frameworks */ = {
			isa = PBXFrameworksBuildPhase;
			buildActionMask = 2147483647;
			files = (
			);
			runOnlyForDeploymentPostprocessing = 0;
		};
		D94D55E91D38D54600CBC35E /* Frameworks */ = {
			isa = PBXFrameworksBuildPhase;
			buildActionMask = 2147483647;
			files = (
			);
			runOnlyForDeploymentPostprocessing = 0;
		};
		D94D55F41D38D54600CBC35E /* Frameworks */ = {
			isa = PBXFrameworksBuildPhase;
			buildActionMask = 2147483647;
			files = (
			);
			runOnlyForDeploymentPostprocessing = 0;
		};
/* End PBXFrameworksBuildPhase section */

/* Begin PBXGroup section */
		D94D55CF1D38D54600CBC35E = {
			isa = PBXGroup;
			children = (
				D94D55DA1D38D54600CBC35E /* RingProgressBar */,
				D94D55EF1D38D54600CBC35E /* RingProgressBarTests */,
				D94D55FA1D38D54600CBC35E /* RingProgressBarUITests */,
				D94D55D91D38D54600CBC35E /* Products */,
			);
			sourceTree = "<group>";
		};
		D94D55D91D38D54600CBC35E /* Products */ = {
			isa = PBXGroup;
			children = (
				D94D55D81D38D54600CBC35E /* RingProgressBar.app */,
				D94D55EC1D38D54600CBC35E /* RingProgressBarTests.xctest */,
				D94D55F71D38D54600CBC35E /* RingProgressBarUITests.xctest */,
			);
			name = Products;
			sourceTree = "<group>";
		};
		D94D55DA1D38D54600CBC35E /* RingProgressBar */ = {
			isa = PBXGroup;
			children = (
				D94D55DB1D38D54600CBC35E /* AppDelegate.swift */,
				D94D55DD1D38D54600CBC35E /* ViewController.swift */,
				D94D55DF1D38D54600CBC35E /* Main.storyboard */,
				D94D55E21D38D54600CBC35E /* Assets.xcassets */,
				D94D55E41D38D54600CBC35E /* LaunchScreen.storyboard */,
				D94D55E71D38D54600CBC35E /* Info.plist */,
			);
			path = RingProgressBar;
			sourceTree = "<group>";
		};
		D94D55EF1D38D54600CBC35E /* RingProgressBarTests */ = {
			isa = PBXGroup;
			children = (
				D94D55F01D38D54600CBC35E /* RingProgressBarTests.swift */,
				D94D55F21D38D54600CBC35E /* Info.plist */,
			);
			path = RingProgressBarTests;
			sourceTree = "<group>";
		};
		D94D55FA1D38D54600CBC35E /* RingProgressBarUITests */ = {
			isa = PBXGroup;
			children = (
				D94D55FB1D38D54600CBC35E /* RingProgressBarUITests.swift */,
				D94D55FD1D38D54600CBC35E /* Info.plist */,
			);
			path = RingProgressBarUITests;
			sourceTree = "<group>";
		};
/* End PBXGroup section */

/* Begin PBXNativeTarget section */
		D94D55D71D38D54600CBC35E /* RingProgressBar */ = {
			isa = PBXNativeTarget;
			buildConfigurationList = D94D56001D38D54600CBC35E /* Build configuration list for PBXNativeTarget "RingProgressBar" */;
			buildPhases = (
				D94D55D41D38D54600CBC35E /* Sources */,
				D94D55D51D38D54600CBC35E /* Frameworks */,
				D94D55D61D38D54600CBC35E /* Resources */,
			);
			buildRules = (
			);
			dependencies = (
			);
			name = RingProgressBar;
			productName = RingProgressBar;
			productReference = D94D55D81D38D54600CBC35E /* RingProgressBar.app */;
			productType = "com.apple.product-type.application";
		};
		D94D55EB1D38D54600CBC35E /* RingProgressBarTests */ = {
			isa = PBXNativeTarget;
			buildConfigurationList = D94D56031D38D54600CBC35E /* Build configuration list for PBXNativeTarget "RingProgressBarTests" */;
			buildPhases = (
				D94D55E81D38D54600CBC35E /* Sources */,
				D94D55E91D38D54600CBC35E /* Frameworks */,
				D94D55EA1D38D54600CBC35E /* Resources */,
			);
			buildRules = (
			);
			dependencies = (
				D94D55EE1D38D54600CBC35E /* PBXTargetDependency */,
			);
			name = RingProgressBarTests;
			productName = RingProgressBarTests;
			productReference = D94D55EC1D38D54600CBC35E /* RingProgressBarTests.xctest */;
			productType = "com.apple.product-type.bundle.unit-test";
		};
		D94D55F61D38D54600CBC35E /* RingProgressBarUITests */ = {
			isa = PBXNativeTarget;
			buildConfigurationList = D94D56061D38D54600CBC35E /* Build configuration list for PBXNativeTarget "RingProgressBarUITests" */;
			buildPhases = (
				D94D55F31D38D54600CBC35E /* Sources */,
				D94D55F41D38D54600CBC35E /* Frameworks */,
				D94D55F51D38D54600CBC35E /* Resources */,
			);
			buildRules = (
			);
			dependencies = (
				D94D55F91D38D54600CBC35E /* PBXTargetDependency */,
			);
			name = RingProgressBarUITests;
			productName = RingProgressBarUITests;
			productReference = D94D55F71D38D54600CBC35E /* RingProgressBarUITests.xctest */;
			productType = "com.apple.product-type.bundle.ui-testing";
		};
/* End PBXNativeTarget section */

/* Begin PBXProject section */
		D94D55D01D38D54600CBC35E /* Project object */ = {
			isa = PBXProject;
			attributes = {
				LastSwiftUpdateCheck = 0730;
				LastUpgradeCheck = 0730;
				ORGANIZATIONNAME = "Arash Kashi";
				TargetAttributes = {
					D94D55D71D38D54600CBC35E = {
						CreatedOnToolsVersion = 7.3.1;
					};
					D94D55EB1D38D54600CBC35E = {
						CreatedOnToolsVersion = 7.3.1;
						TestTargetID = D94D55D71D38D54600CBC35E;
					};
					D94D55F61D38D54600CBC35E = {
						CreatedOnToolsVersion = 7.3.1;
						TestTargetID = D94D55D71D38D54600CBC35E;
					};
				};
			};
			buildConfigurationList = D94D55D31D38D54600CBC35E /* Build configuration list for PBXProject "RingProgressBar" */;
			compatibilityVersion = "Xcode 3.2";
			developmentRegion = English;
			hasScannedForEncodings = 0;
			knownRegions = (
				en,
				Base,
			);
			mainGroup = D94D55CF1D38D54600CBC35E;
			productRefGroup = D94D55D91D38D54600CBC35E /* Products */;
			projectDirPath = "";
			projectRoot = "";
			targets = (
				D94D55D71D38D54600CBC35E /* RingProgressBar */,
				D94D55EB1D38D54600CBC35E /* RingProgressBarTests */,
				D94D55F61D38D54600CBC35E /* RingProgressBarUITests */,
			);
		};
/* End PBXProject section */

/* Begin PBXResourcesBuildPhase section */
		D94D55D61D38D54600CBC35E /* Resources */ = {
			isa = PBXResourcesBuildPhase;
			buildActionMask = 2147483647;
			files = (
				D94D55E61D38D54600CBC35E /* LaunchScreen.storyboard in Resources */,
				D94D55E31D38D54600CBC35E /* Assets.xcassets in Resources */,
				D94D55E11D38D54600CBC35E /* Main.storyboard in Resources */,
			);
			runOnlyForDeploymentPostprocessing = 0;
		};
		D94D55EA1D38D54600CBC35E /* Resources */ = {
			isa = PBXResourcesBuildPhase;
			buildActionMask = 2147483647;
			files = (
			);
			runOnlyForDeploymentPostprocessing = 0;
		};
		D94D55F51D38D54600CBC35E /* Resources */ = {
			isa = PBXResourcesBuildPhase;
			buildActionMask = 2147483647;
			files = (
			);
			runOnlyForDeploymentPostprocessing = 0;
		};
/* End PBXResourcesBuildPhase section */

/* Begin PBXSourcesBuildPhase section */
		D94D55D41D38D54600CBC35E /* Sources */ = {
			isa = PBXSourcesBuildPhase;
			buildActionMask = 2147483647;
			files = (
				D94D55DE1D38D54600CBC35E /* ViewController.swift in Sources */,
				D94D55DC1D38D54600CBC35E /* AppDelegate.swift in Sources */,
			);
			runOnlyForDeploymentPostprocessing = 0;
		};
		D94D55E81D38D54600CBC35E /* Sources */ = {
			isa = PBXSourcesBuildPhase;
			buildActionMask = 2147483647;
			files = (
				D94D55F11D38D54600CBC35E /* RingProgressBarTests.swift in Sources */,
			);
			runOnlyForDeploymentPostprocessing = 0;
		};
		D94D55F31D38D54600CBC35E /* Sources */ = {
			isa = PBXSourcesBuildPhase;
			buildActionMask = 2147483647;
			files = (
				D94D55FC1D38D54600CBC35E /* RingProgressBarUITests.swift in Sources */,
			);
			runOnlyForDeploymentPostprocessing = 0;
		};
/* End PBXSourcesBuildPhase section */

/* Begin PBXTargetDependency section */
		D94D55EE1D38D54600CBC35E /* PBXTargetDependency */ = {
			isa = PBXTargetDependency;
			target = D94D55D71D38D54600CBC35E /* RingProgressBar */;
			targetProxy = D94D55ED1D38D54600CBC35E /* PBXContainerItemProxy */;
		};
		D94D55F91D38D54600CBC35E /* PBXTargetDependency */ = {
			isa = PBXTargetDependency;
			target = D94D55D71D38D54600CBC35E /* RingProgressBar */;
			targetProxy = D94D55F81D38D54600CBC35E /* PBXContainerItemProxy */;
		};
/* End PBXTargetDependency section */

/* Begin PBXVariantGroup section */
		D94D55DF1D38D54600CBC35E /* Main.storyboard */ = {
			isa = PBXVariantGroup;
			children = (
				D94D55E01D38D54600CBC35E /* Base */,
			);
			name = Main.storyboard;
			sourceTree = "<group>";
		};
		D94D55E41D38D54600CBC35E /* LaunchScreen.storyboard */ = {
			isa = PBXVariantGroup;
			children = (
				D94D55E51D38D54600CBC35E /* Base */,
			);
			name = LaunchScreen.storyboard;
			sourceTree = "<group>";
		};
/* End PBXVariantGroup section */

/* Begin XCBuildConfiguration section */
		D94D55FE1D38D54600CBC35E /* Debug */ = {
			isa = XCBuildConfiguration;
			buildSettings = {
				ALWAYS_SEARCH_USER_PATHS = NO;
				CLANG_ANALYZER_NONNULL = YES;
				CLANG_CXX_LANGUAGE_STANDARD = "gnu++0x";
				CLANG_CXX_LIBRARY = "libc++";
				CLANG_ENABLE_MODULES = YES;
				CLANG_ENABLE_OBJC_ARC = YES;
				CLANG_WARN_BOOL_CONVERSION = YES;
				CLANG_WARN_CONSTANT_CONVERSION = YES;
				CLANG_WARN_DIRECT_OBJC_ISA_USAGE = YES_ERROR;
				CLANG_WARN_EMPTY_BODY = YES;
				CLANG_WARN_ENUM_CONVERSION = YES;
				CLANG_WARN_INT_CONVERSION = YES;
				CLANG_WARN_OBJC_ROOT_CLASS = YES_ERROR;
				CLANG_WARN_UNREACHABLE_CODE = YES;
				CLANG_WARN__DUPLICATE_METHOD_MATCH = YES;
				"CODE_SIGN_IDENTITY[sdk=iphoneos*]" = "iPhone Developer";
				COPY_PHASE_STRIP = NO;
				DEBUG_INFORMATION_FORMAT = dwarf;
				ENABLE_STRICT_OBJC_MSGSEND = YES;
				ENABLE_TESTABILITY = YES;
				GCC_C_LANGUAGE_STANDARD = gnu99;
				GCC_DYNAMIC_NO_PIC = NO;
				GCC_NO_COMMON_BLOCKS = YES;
				GCC_OPTIMIZATION_LEVEL = 0;
				GCC_PREPROCESSOR_DEFINITIONS = (
					"DEBUG=1",
					"$(inherited)",
				);
				GCC_WARN_64_TO_32_BIT_CONVERSION = YES;
				GCC_WARN_ABOUT_RETURN_TYPE = YES_ERROR;
				GCC_WARN_UNDECLARED_SELECTOR = YES;
				GCC_WARN_UNINITIALIZED_AUTOS = YES_AGGRESSIVE;
				GCC_WARN_UNUSED_FUNCTION = YES;
				GCC_WARN_UNUSED_VARIABLE = YES;
				IPHONEOS_DEPLOYMENT_TARGET = 9.3;
				MTL_ENABLE_DEBUG_INFO = YES;
				ONLY_ACTIVE_ARCH = YES;
				SDKROOT = iphoneos;
				SWIFT_OPTIMIZATION_LEVEL = "-Onone";
				TARGETED_DEVICE_FAMILY = "1,2";
			};
			name = Debug;
		};
		D94D55FF1D38D54600CBC35E /* Release */ = {
			isa = XCBuildConfiguration;
			buildSettings = {
				ALWAYS_SEARCH_USER_PATHS = NO;
				CLANG_ANALYZER_NONNULL = YES;
				CLANG_CXX_LANGUAGE_STANDARD = "gnu++0x";
				CLANG_CXX_LIBRARY = "libc++";
				CLANG_ENABLE_MODULES = YES;
				CLANG_ENABLE_OBJC_ARC = YES;
				CLANG_WARN_BOOL_CONVERSION = YES;
				CLANG_WARN_CONSTANT_CONVERSION = YES;
				CLANG_WARN_DIRECT_OBJC_ISA_USAGE = YES_ERROR;
				CLANG_WARN_EMPTY_BODY = YES;
				CLANG_WARN_ENUM_CONVERSION = YES;
				CLANG_WARN_INT_CONVERSION = YES;
				CLANG_WARN_OBJC_ROOT_CLASS = YES_ERROR;
				CLANG_WARN_UNREACHABLE_CODE = YES;
				CLANG_WARN__DUPLICATE_METHOD_MATCH = YES;
				"CODE_SIGN_IDENTITY[sdk=iphoneos*]" = "iPhone Developer";
				COPY_PHASE_STRIP = NO;
				DEBUG_INFORMATION_FORMAT = "dwarf-with-dsym";
				ENABLE_NS_ASSERTIONS = NO;
				ENABLE_STRICT_OBJC_MSGSEND = YES;
				GCC_C_LANGUAGE_STANDARD = gnu99;
				GCC_NO_COMMON_BLOCKS = YES;
				GCC_WARN_64_TO_32_BIT_CONVERSION = YES;
				GCC_WARN_ABOUT_RETURN_TYPE = YES_ERROR;
				GCC_WARN_UNDECLARED_SELECTOR = YES;
				GCC_WARN_UNINITIALIZED_AUTOS = YES_AGGRESSIVE;
				GCC_WARN_UNUSED_FUNCTION = YES;
				GCC_WARN_UNUSED_VARIABLE = YES;
				IPHONEOS_DEPLOYMENT_TARGET = 9.3;
				MTL_ENABLE_DEBUG_INFO = NO;
				SDKROOT = iphoneos;
				TARGETED_DEVICE_FAMILY = "1,2";
				VALIDATE_PRODUCT = YES;
			};
			name = Release;
		};
		D94D56011D38D54600CBC35E /* Debug */ = {
			isa = XCBuildConfiguration;
			buildSettings = {
				ASSETCATALOG_COMPILER_APPICON_NAME = AppIcon;
				INFOPLIST_FILE = RingProgressBar/Info.plist;
				LD_RUNPATH_SEARCH_PATHS = "$(inherited) @executable_path/Frameworks";
				PRODUCT_BUNDLE_IDENTIFIER = ss.RingProgressBar;
				PRODUCT_NAME = "$(TARGET_NAME)";
			};
			name = Debug;
		};
		D94D56021D38D54600CBC35E /* Release */ = {
			isa = XCBuildConfiguration;
			buildSettings = {
				ASSETCATALOG_COMPILER_APPICON_NAME = AppIcon;
				INFOPLIST_FILE = RingProgressBar/Info.plist;
				LD_RUNPATH_SEARCH_PATHS = "$(inherited) @executable_path/Frameworks";
				PRODUCT_BUNDLE_IDENTIFIER = ss.RingProgressBar;
				PRODUCT_NAME = "$(TARGET_NAME)";
			};
			name = Release;
		};
		D94D56041D38D54600CBC35E /* Debug */ = {
			isa = XCBuildConfiguration;
			buildSettings = {
				BUNDLE_LOADER = "$(TEST_HOST)";
				INFOPLIST_FILE = RingProgressBarTests/Info.plist;
				LD_RUNPATH_SEARCH_PATHS = "$(inherited) @executable_path/Frameworks @loader_path/Frameworks";
				PRODUCT_BUNDLE_IDENTIFIER = ss.RingProgressBarTests;
				PRODUCT_NAME = "$(TARGET_NAME)";
				TEST_HOST = "$(BUILT_PRODUCTS_DIR)/RingProgressBar.app/RingProgressBar";
			};
			name = Debug;
		};
		D94D56051D38D54600CBC35E /* Release */ = {
			isa = XCBuildConfiguration;
			buildSettings = {
				BUNDLE_LOADER = "$(TEST_HOST)";
				INFOPLIST_FILE = RingProgressBarTests/Info.plist;
				LD_RUNPATH_SEARCH_PATHS = "$(inherited) @executable_path/Frameworks @loader_path/Frameworks";
				PRODUCT_BUNDLE_IDENTIFIER = ss.RingProgressBarTests;
				PRODUCT_NAME = "$(TARGET_NAME)";
				TEST_HOST = "$(BUILT_PRODUCTS_DIR)/RingProgressBar.app/RingProgressBar";
			};
			name = Release;
		};
		D94D56071D38D54600CBC35E /* Debug */ = {
			isa = XCBuildConfiguration;
			buildSettings = {
				INFOPLIST_FILE = RingProgressBarUITests/Info.plist;
				LD_RUNPATH_SEARCH_PATHS = "$(inherited) @executable_path/Frameworks @loader_path/Frameworks";
				PRODUCT_BUNDLE_IDENTIFIER = ss.RingProgressBarUITests;
				PRODUCT_NAME = "$(TARGET_NAME)";
				TEST_TARGET_NAME = RingProgressBar;
			};
			name = Debug;
		};
		D94D56081D38D54600CBC35E /* Release */ = {
			isa = XCBuildConfiguration;
			buildSettings = {
				INFOPLIST_FILE = RingProgressBarUITests/Info.plist;
				LD_RUNPATH_SEARCH_PATHS = "$(inherited) @executable_path/Frameworks @loader_path/Frameworks";
				PRODUCT_BUNDLE_IDENTIFIER = ss.RingProgressBarUITests;
				PRODUCT_NAME = "$(TARGET_NAME)";
				TEST_TARGET_NAME = RingProgressBar;
			};
			name = Release;
		};
/* End XCBuildConfiguration section */

/* Begin XCConfigurationList section */
		D94D55D31D38D54600CBC35E /* Build configuration list for PBXProject "RingProgressBar" */ = {
			isa = XCConfigurationList;
			buildConfigurations = (
				D94D55FE1D38D54600CBC35E /* Debug */,
				D94D55FF1D38D54600CBC35E /* Release */,
			);
			defaultConfigurationIsVisible = 0;
			defaultConfigurationName = Release;
		};
		D94D56001D38D54600CBC35E /* Build configuration list for PBXNativeTarget "RingProgressBar" */ = {
			isa = XCConfigurationList;
			buildConfigurations = (
				D94D56011D38D54600CBC35E /* Debug */,
				D94D56021D38D54600CBC35E /* Release */,
			);
			defaultConfigurationIsVisible = 0;
		};
		D94D56031D38D54600CBC35E /* Build configuration list for PBXNativeTarget "RingProgressBarTests" */ = {
			isa = XCConfigurationList;
			buildConfigurations = (
				D94D56041D38D54600CBC35E /* Debug */,
				D94D56051D38D54600CBC35E /* Release */,
			);
			defaultConfigurationIsVisible = 0;
		};
		D94D56061D38D54600CBC35E /* Build configuration list for PBXNativeTarget "RingProgressBarUITests" */ = {
			isa = XCConfigurationList;
			buildConfigurations = (
				D94D56071D38D54600CBC35E /* Debug */,
				D94D56081D38D54600CBC35E /* Release */,
			);
			defaultConfigurationIsVisible = 0;
		};
/* End XCConfigurationList section */
	};
	rootObject = D94D55D01D38D54600CBC35E /* Project object */;
}
